
Microsoft Visual Studio Solution File, Format Version 12.00
# Visual Studio 2012
Project("{FAE04EC0-301F-11D3-BF4B-00C04F79EFBC}") = "KannadaKeyboard", "KannadaKeyboard\KannadaKeyboard.csproj", "{7107CCF4-F027-46EF-B9C2-FD65761E9DAC}"
EndProject
Project("{FAE04EC0-301F-11D3-BF4B-00C04F79EFBC}") = "KeyboardExtension", "KeyboardExtension\KeyboardExtension.csproj", "{7275FB40-591A-4F45-970A-374690F3A7D2}"
EndProject
Global
	GlobalSection(SolutionConfigurationPlatforms) = preSolution
		Debug|iPhoneSimulator = Debug|iPhoneSimulator
		Release|iPhoneSimulator = Release|iPhoneSimulator
		Debug|iPhone = Debug|iPhone
		Release|iPhone = Release|iPhone
		Ad-Hoc|iPhone = Ad-Hoc|iPhone
		AppStore|iPhone = AppStore|iPhone
	EndGlobalSection
	GlobalSection(ProjectConfigurationPlatforms) = postSolution
		{7107CCF4-F027-46EF-B9C2-FD65761E9DAC}.Ad-Hoc|iPhone.ActiveCfg = Ad-Hoc|iPhone
		{7107CCF4-F027-46EF-B9C2-FD65761E9DAC}.Ad-Hoc|iPhone.Build.0 = Ad-Hoc|iPhone
		{7107CCF4-F027-46EF-B9C2-FD65761E9DAC}.AppStore|iPhone.ActiveCfg = AppStore|iPhone
		{7107CCF4-F027-46EF-B9C2-FD65761E9DAC}.AppStore|iPhone.Build.0 = AppStore|iPhone
		{7107CCF4-F027-46EF-B9C2-FD65761E9DAC}.Debug|iPhone.ActiveCfg = Debug|iPhone
		{7107CCF4-F027-46EF-B9C2-FD65761E9DAC}.Debug|iPhone.Build.0 = Debug|iPhone
		{7107CCF4-F027-46EF-B9C2-FD65761E9DAC}.Debug|iPhoneSimulator.ActiveCfg = Debug|iPhoneSimulator
		{7107CCF4-F027-46EF-B9C2-FD65761E9DAC}.Debug|iPhoneSimulator.Build.0 = Debug|iPhoneSimulator
		{7107CCF4-F027-46EF-B9C2-FD65761E9DAC}.Release|iPhone.ActiveCfg = Release|iPhone
		{7107CCF4-F027-46EF-B9C2-FD65761E9DAC}.Release|iPhone.Build.0 = Release|iPhone
		{7107CCF4-F027-46EF-B9C2-FD65761E9DAC}.Release|iPhoneSimulator.ActiveCfg = Release|iPhoneSimulator
		{7107CCF4-F027-46EF-B9C2-FD65761E9DAC}.Release|iPhoneSimulator.Build.0 = Release|iPhoneSimulator
		{7275FB40-591A-4F45-970A-374690F3A7D2}.Debug|iPhoneSimulator.ActiveCfg = Debug|iPhoneSimulator
		{7275FB40-591A-4F45-970A-374690F3A7D2}.Debug|iPhoneSimulator.Build.0 = Debug|iPhoneSimulator
		{7275FB40-591A-4F45-970A-374690F3A7D2}.Release|iPhoneSimulator.ActiveCfg = Release|iPhoneSimulator
		{7275FB40-591A-4F45-970A-374690F3A7D2}.Release|iPhoneSimulator.Build.0 = Release|iPhoneSimulator
		{7275FB40-591A-4F45-970A-374690F3A7D2}.Debug|iPhone.ActiveCfg = Debug|iPhone
		{7275FB40-591A-4F45-970A-374690F3A7D2}.Debug|iPhone.Build.0 = Debug|iPhone
		{7275FB40-591A-4F45-970A-374690F3A7D2}.Release|iPhone.ActiveCfg = Release|iPhone
		{7275FB40-591A-4F45-970A-374690F3A7D2}.Release|iPhone.Build.0 = Release|iPhone
		{7275FB40-591A-4F45-970A-374690F3A7D2}.Ad-Hoc|iPhone.ActiveCfg = Release|iPhone
		{7275FB40-591A-4F45-970A-374690F3A7D2}.Ad-Hoc|iPhone.Build.0 = Release|iPhone
		{7275FB40-591A-4F45-970A-374690F3A7D2}.AppStore|iPhone.ActiveCfg = AppStore|iPhone
		{7275FB40-591A-4F45-970A-374690F3A7D2}.AppStore|iPhone.Build.0 = AppStore|iPhone
	EndGlobalSection
	GlobalSection(MonoDevelopProperties) = preSolution
		StartupItem = KannadaKeyboard\KannadaKeyboard.csproj
	EndGlobalSection
EndGlobal
